// !$*UTF8*$!
{
	archiveVersion = 1;
	classes = {
	};
	objectVersion = 50;
	objects = {

/* Begin PBXBuildFile section */
		B270643824E3D49E00C0DDA0 /* AppDelegate.swift in Sources */ = {isa = PBXBuildFile; fileRef = B270643724E3D49E00C0DDA0 /* AppDelegate.swift */; };
		B270643A24E3D49E00C0DDA0 /* SceneDelegate.swift in Sources */ = {isa = PBXBuildFile; fileRef = B270643924E3D49E00C0DDA0 /* SceneDelegate.swift */; };
		B270643C24E3D49E00C0DDA0 /* ContentView.swift in Sources */ = {isa = PBXBuildFile; fileRef = B270643B24E3D49E00C0DDA0 /* ContentView.swift */; };
		B270643E24E3D49F00C0DDA0 /* Assets.xcassets in Resources */ = {isa = PBXBuildFile; fileRef = B270643D24E3D49F00C0DDA0 /* Assets.xcassets */; };
		B270644124E3D49F00C0DDA0 /* Preview Assets.xcassets in Resources */ = {isa = PBXBuildFile; fileRef = B270644024E3D49F00C0DDA0 /* Preview Assets.xcassets */; };
		B270644424E3D49F00C0DDA0 /* LaunchScreen.storyboard in Resources */ = {isa = PBXBuildFile; fileRef = B270644224E3D49F00C0DDA0 /* LaunchScreen.storyboard */; };
/* End PBXBuildFile section */

/* Begin PBXFileReference section */
		B270643424E3D49E00C0DDA0 /* I am RichUI.app */ = {isa = PBXFileReference; explicitFileType = wrapper.application; includeInIndex = 0; path = "I am RichUI.app"; sourceTree = BUILT_PRODUCTS_DIR; };
		B270643724E3D49E00C0DDA0 /* AppDelegate.swift */ = {isa = PBXFileReference; lastKnownFileType = sourcecode.swift; path = AppDelegate.swift; sourceTree = "<group>"; };
		B270643924E3D49E00C0DDA0 /* SceneDelegate.swift */ = {isa = PBXFileReference; lastKnownFileType = sourcecode.swift; path = SceneDelegate.swift; sourceTree = "<group>"; };
		B270643B24E3D49E00C0DDA0 /* ContentView.swift */ = {isa = PBXFileReference; lastKnownFileType = sourcecode.swift; path = ContentView.swift; sourceTree = "<group>"; };
		B270643D24E3D49F00C0DDA0 /* Assets.xcassets */ = {isa = PBXFileReference; lastKnownFileType = folder.assetcatalog; path = Assets.xcassets; sourceTree = "<group>"; };
		B270644024E3D49F00C0DDA0 /* Preview Assets.xcassets */ = {isa = PBXFileReference; lastKnownFileType = folder.assetcatalog; path = "Preview Assets.xcassets"; sourceTree = "<group>"; };
		B270644324E3D49F00C0DDA0 /* Base */ = {isa = PBXFileReference; lastKnownFileType = file.storyboard; name = Base; path = Base.lproj/LaunchScreen.storyboard; sourceTree = "<group>"; };
		B270644524E3D49F00C0DDA0 /* Info.plist */ = {isa = PBXFileReference; lastKnownFileType = text.plist.xml; path = Info.plist; sourceTree = "<group>"; };
/* End PBXFileReference section */

/* Begin PBXFrameworksBuildPhase section */
		B270643124E3D49E00C0DDA0 /* Frameworks */ = {
			isa = PBXFrameworksBuildPhase;
			buildActionMask = 2147483647;
			files = (
			);
			runOnlyForDeploymentPostprocessing = 0;
		};
/* End PBXFrameworksBuildPhase section */

/* Begin PBXGroup section */
		B270642B24E3D49E00C0DDA0 = {
			isa = PBXGroup;
			children = (
				B270643624E3D49E00C0DDA0 /* I am RichUI */,
				B270643524E3D49E00C0DDA0 /* Products */,
			);
			sourceTree = "<group>";
		};
		B270643524E3D49E00C0DDA0 /* Products */ = {
			isa = PBXGroup;
			children = (
				B270643424E3D49E00C0DDA0 /* I am RichUI.app */,
			);
			name = Products;
			sourceTree = "<group>";
		};
		B270643624E3D49E00C0DDA0 /* I am RichUI */ = {
			isa = PBXGroup;
			children = (
				B270643724E3D49E00C0DDA0 /* AppDelegate.swift */,
				B270643924E3D49E00C0DDA0 /* SceneDelegate.swift */,
				B270643B24E3D49E00C0DDA0 /* ContentView.swift */,
				B270643D24E3D49F00C0DDA0 /* Assets.xcassets */,
				B270644224E3D49F00C0DDA0 /* LaunchScreen.storyboard */,
				B270644524E3D49F00C0DDA0 /* Info.plist */,
				B270643F24E3D49F00C0DDA0 /* Preview Content */,
			);
			path = "I am RichUI";
			sourceTree = "<group>";
		};
		B270643F24E3D49F00C0DDA0 /* Preview Content */ = {
			isa = PBXGroup;
			children = (
				B270644024E3D49F00C0DDA0 /* Preview Assets.xcassets */,
			);
			path = "Preview Content";
			sourceTree = "<group>";
		};
/* End PBXGroup section */

/* Begin PBXNativeTarget section */
		B270643324E3D49E00C0DDA0 /* I am RichUI */ = {
			isa = PBXNativeTarget;
			buildConfigurationList = B270644824E3D49F00C0DDA0 /* Build configuration list for PBXNativeTarget "I am RichUI" */;
			buildPhases = (
				B270643024E3D49E00C0DDA0 /* Sources */,
				B270643124E3D49E00C0DDA0 /* Frameworks */,
				B270643224E3D49E00C0DDA0 /* Resources */,
			);
			buildRules = (
			);
			dependencies = (
			);
			name = "I am RichUI";
			productName = "I am RichUI";
			productReference = B270643424E3D49E00C0DDA0 /* I am RichUI.app */;
			productType = "com.apple.product-type.application";
		};
/* End PBXNativeTarget section */

/* Begin PBXProject section */
		B270642C24E3D49E00C0DDA0 /* Project object */ = {
			isa = PBXProject;
			attributes = {
				LastSwiftUpdateCheck = 1160;
				LastUpgradeCheck = 1160;
				ORGANIZATIONNAME = "Halil Emirleroğlu";
				TargetAttributes = {
					B270643324E3D49E00C0DDA0 = {
						CreatedOnToolsVersion = 11.6;
					};
				};
			};
			buildConfigurationList = B270642F24E3D49E00C0DDA0 /* Build configuration list for PBXProject "I am RichUI" */;
			compatibilityVersion = "Xcode 9.3";
			developmentRegion = en;
			hasScannedForEncodings = 0;
			knownRegions = (
				en,
				Base,
			);
			mainGroup = B270642B24E3D49E00C0DDA0;
			productRefGroup = B270643524E3D49E00C0DDA0 /* Products */;
			projectDirPath = "";
			projectRoot = "";
			targets = (
				B270643324E3D49E00C0DDA0 /* I am RichUI */,
			);
		};
/* End PBXProject section */

/* Begin PBXResourcesBuildPhase section */
		B270643224E3D49E00C0DDA0 /* Resources */ = {
			isa = PBXResourcesBuildPhase;
			buildActionMask = 2147483647;
			files = (
				B270644424E3D49F00C0DDA0 /* LaunchScreen.storyboard in Resources */,
				B270644124E3D49F00C0DDA0 /* Preview Assets.xcassets in Resources */,
				B270643E24E3D49F00C0DDA0 /* Assets.xcassets in Resources */,
			);
			runOnlyForDeploymentPostprocessing = 0;
		};
/* End PBXResourcesBuildPhase section */

/* Begin PBXSourcesBuildPhase section */
		B270643024E3D49E00C0DDA0 /* Sources */ = {
			isa = PBXSourcesBuildPhase;
			buildActionMask = 2147483647;
			files = (
				B270643824E3D49E00C0DDA0 /* AppDelegate.swift in Sources */,
				B270643A24E3D49E00C0DDA0 /* SceneDelegate.swift in Sources */,
				B270643C24E3D49E00C0DDA0 /* ContentView.swift in Sources */,
			);
			runOnlyForDeploymentPostprocessing = 0;
		};
/* End PBXSourcesBuildPhase section */

/* Begin PBXVariantGroup section */
		B270644224E3D49F00C0DDA0 /* LaunchScreen.storyboard */ = {
			isa = PBXVariantGroup;
			children = (
				B270644324E3D49F00C0DDA0 /* Base */,
			);
			name = LaunchScreen.storyboard;
			sourceTree = "<group>";
		};
/* End PBXVariantGroup section */

/* Begin XCBuildConfiguration section */
		B270644624E3D49F00C0DDA0 /* Debug */ = {
			isa = XCBuildConfiguration;
			buildSettings = {
				ALWAYS_SEARCH_USER_PATHS = NO;
				CLANG_ANALYZER_NONNULL = YES;
				CLANG_ANALYZER_NUMBER_OBJECT_CONVERSION = YES_AGGRESSIVE;
				CLANG_CXX_LANGUAGE_STANDARD = "gnu++14";
				CLANG_CXX_LIBRARY = "libc++";
				CLANG_ENABLE_MODULES = YES;
				CLANG_ENABLE_OBJC_ARC = YES;
				CLANG_ENABLE_OBJC_WEAK = YES;
				CLANG_WARN_BLOCK_CAPTURE_AUTORELEASING = YES;
				CLANG_WARN_BOOL_CONVERSION = YES;
				CLANG_WARN_COMMA = YES;
				CLANG_WARN_CONSTANT_CONVERSION = YES;
				CLANG_WARN_DEPRECATED_OBJC_IMPLEMENTATIONS = YES;
				CLANG_WARN_DIRECT_OBJC_ISA_USAGE = YES_ERROR;
				CLANG_WARN_DOCUMENTATION_COMMENTS = YES;
				CLANG_WARN_EMPTY_BODY = YES;
				CLANG_WARN_ENUM_CONVERSION = YES;
				CLANG_WARN_INFINITE_RECURSION = YES;
				CLANG_WARN_INT_CONVERSION = YES;
				CLANG_WARN_NON_LITERAL_NULL_CONVERSION = YES;
				CLANG_WARN_OBJC_IMPLICIT_RETAIN_SELF = YES;
				CLANG_WARN_OBJC_LITERAL_CONVERSION = YES;
				CLANG_WARN_OBJC_ROOT_CLASS = YES_ERROR;
				CLANG_WARN_RANGE_LOOP_ANALYSIS = YES;
				CLANG_WARN_STRICT_PROTOTYPES = YES;
				CLANG_WARN_SUSPICIOUS_MOVE = YES;
				CLANG_WARN_UNGUARDED_AVAILABILITY = YES_AGGRESSIVE;
				CLANG_WARN_UNREACHABLE_CODE = YES;
				CLANG_WARN__DUPLICATE_METHOD_MATCH = YES;
				COPY_PHASE_STRIP = NO;
				DEBUG_INFORMATION_FORMAT = dwarf;
				ENABLE_STRICT_OBJC_MSGSEND = YES;
				ENABLE_TESTABILITY = YES;
				GCC_C_LANGUAGE_STANDARD = gnu11;
				GCC_DYNAMIC_NO_PIC = NO;
				GCC_NO_COMMON_BLOCKS = YES;
				GCC_OPTIMIZATION_LEVEL = 0;
				GCC_PREPROCESSOR_DEFINITIONS = (
					"DEBUG=1",
					"$(inherited)",
				);
				GCC_WARN_64_TO_32_BIT_CONVERSION = YES;
				GCC_WARN_ABOUT_RETURN_TYPE = YES_ERROR;
				GCC_WARN_UNDECLARED_SELECTOR = YES;
				GCC_WARN_UNINITIALIZED_AUTOS = YES_AGGRESSIVE;
				GCC_WARN_UNUSED_FUNCTION = YES;
				GCC_WARN_UNUSED_VARIABLE = YES;
				IPHONEOS_DEPLOYMENT_TARGET = 13.6;
				MTL_ENABLE_DEBUG_INFO = INCLUDE_SOURCE;
				MTL_FAST_MATH = YES;
				ONLY_ACTIVE_ARCH = YES;
				SDKROOT = iphoneos;
				SWIFT_ACTIVE_COMPILATION_CONDITIONS = DEBUG;
				SWIFT_OPTIMIZATION_LEVEL = "-Onone";
			};
			name = Debug;
		};
		B270644724E3D49F00C0DDA0 /* Release */ = {
			isa = XCBuildConfiguration;
			buildSettings = {
				ALWAYS_SEARCH_USER_PATHS = NO;
				CLANG_ANALYZER_NONNULL = YES;
				CLANG_ANALYZER_NUMBER_OBJECT_CONVERSION = YES_AGGRESSIVE;
				CLANG_CXX_LANGUAGE_STANDARD = "gnu++14";
				CLANG_CXX_LIBRARY = "libc++";
				CLANG_ENABLE_MODULES = YES;
				CLANG_ENABLE_OBJC_ARC = YES;
				CLANG_ENABLE_OBJC_WEAK = YES;
				CLANG_WARN_BLOCK_CAPTURE_AUTORELEASING = YES;
				CLANG_WARN_BOOL_CONVERSION = YES;
				CLANG_WARN_COMMA = YES;
				CLANG_WARN_CONSTANT_CONVERSION = YES;
				CLANG_WARN_DEPRECATED_OBJC_IMPLEMENTATIONS = YES;
				CLANG_WARN_DIRECT_OBJC_ISA_USAGE = YES_ERROR;
				CLANG_WARN_DOCUMENTATION_COMMENTS = YES;
				CLANG_WARN_EMPTY_BODY = YES;
				CLANG_WARN_ENUM_CONVERSION = YES;
				CLANG_WARN_INFINITE_RECURSION = YES;
				CLANG_WARN_INT_CONVERSION = YES;
				CLANG_WARN_NON_LITERAL_NULL_CONVERSION = YES;
				CLANG_WARN_OBJC_IMPLICIT_RETAIN_SELF = YES;
				CLANG_WARN_OBJC_LITERAL_CONVERSION = YES;
				CLANG_WARN_OBJC_ROOT_CLASS = YES_ERROR;
				CLANG_WARN_RANGE_LOOP_ANALYSIS = YES;
				CLANG_WARN_STRICT_PROTOTYPES = YES;
				CLANG_WARN_SUSPICIOUS_MOVE = YES;
				CLANG_WARN_UNGUARDED_AVAILABILITY = YES_AGGRESSIVE;
				CLANG_WARN_UNREACHABLE_CODE = YES;
				CLANG_WARN__DUPLICATE_METHOD_MATCH = YES;
				COPY_PHASE_STRIP = NO;
				DEBUG_INFORMATION_FORMAT = "dwarf-with-dsym";
				ENABLE_NS_ASSERTIONS = NO;
				ENABLE_STRICT_OBJC_MSGSEND = YES;
				GCC_C_LANGUAGE_STANDARD = gnu11;
				GCC_NO_COMMON_BLOCKS = YES;
				GCC_WARN_64_TO_32_BIT_CONVERSION = YES;
				GCC_WARN_ABOUT_RETURN_TYPE = YES_ERROR;
				GCC_WARN_UNDECLARED_SELECTOR = YES;
				GCC_WARN_UNINITIALIZED_AUTOS = YES_AGGRESSIVE;
				GCC_WARN_UNUSED_FUNCTION = YES;
				GCC_WARN_UNUSED_VARIABLE = YES;
				IPHONEOS_DEPLOYMENT_TARGET = 13.6;
				MTL_ENABLE_DEBUG_INFO = NO;
				MTL_FAST_MATH = YES;
				SDKROOT = iphoneos;
				SWIFT_COMPILATION_MODE = wholemodule;
				SWIFT_OPTIMIZATION_LEVEL = "-O";
				VALIDATE_PRODUCT = YES;
			};
			name = Release;
		};
		B270644924E3D49F00C0DDA0 /* Debug */ = {
			isa = XCBuildConfiguration;
			buildSettings = {
				ASSETCATALOG_COMPILER_APPICON_NAME = AppIcon;
				CODE_SIGN_STYLE = Automatic;
				DEVELOPMENT_ASSET_PATHS = "\"I am RichUI/Preview Content\"";
				ENABLE_PREVIEWS = YES;
				INFOPLIST_FILE = "I am RichUI/Info.plist";
				LD_RUNPATH_SEARCH_PATHS = (
					"$(inherited)",
					"@executable_path/Frameworks",
				);
				PRODUCT_BUNDLE_IDENTIFIER = "com.halilemirleroglu.I-am-RichUI";
				PRODUCT_NAME = "$(TARGET_NAME)";
				SWIFT_VERSION = 5.0;
				TARGETED_DEVICE_FAMILY = "1,2";
			};
			name = Debug;
		};
		B270644A24E3D49F00C0DDA0 /* Release */ = {
			isa = XCBuildConfiguration;
			buildSettings = {
				ASSETCATALOG_COMPILER_APPICON_NAME = AppIcon;
				CODE_SIGN_STYLE = Automatic;
				DEVELOPMENT_ASSET_PATHS = "\"I am RichUI/Preview Content\"";
				ENABLE_PREVIEWS = YES;
				INFOPLIST_FILE = "I am RichUI/Info.plist";
				LD_RUNPATH_SEARCH_PATHS = (
					"$(inherited)",
					"@executable_path/Frameworks",
				);
				PRODUCT_BUNDLE_IDENTIFIER = "com.halilemirleroglu.I-am-RichUI";
				PRODUCT_NAME = "$(TARGET_NAME)";
				SWIFT_VERSION = 5.0;
				TARGETED_DEVICE_FAMILY = "1,2";
			};
			name = Release;
		};
/* End XCBuildConfiguration section */

/* Begin XCConfigurationList section */
		B270642F24E3D49E00C0DDA0 /* Build configuration list for PBXProject "I am RichUI" */ = {
			isa = XCConfigurationList;
			buildConfigurations = (
				B270644624E3D49F00C0DDA0 /* Debug */,
				B270644724E3D49F00C0DDA0 /* Release */,
			);
			defaultConfigurationIsVisible = 0;
			defaultConfigurationName = Release;
		};
		B270644824E3D49F00C0DDA0 /* Build configuration list for PBXNativeTarget "I am RichUI" */ = {
			isa = XCConfigurationList;
			buildConfigurations = (
				B270644924E3D49F00C0DDA0 /* Debug */,
				B270644A24E3D49F00C0DDA0 /* Release */,
			);
			defaultConfigurationIsVisible = 0;
			defaultConfigurationName = Release;
		};
/* End XCConfigurationList section */
	};
	rootObject = B270642C24E3D49E00C0DDA0 /* Project object */;
}
